
Microsoft Visual Studio Solution File, Format Version 12.00
# Visual Studio 15
VisualStudioVersion = 15.0.27703.2035
MinimumVisualStudioVersion = 10.0.40219.1
Project("{FAE04EC0-301F-11D3-BF4B-00C04F79EFBC}") = "Test", "Test\Test.csproj", "{D535D24D-E184-4D4B-BF1E-3374EC7F1C9C}"
EndProject
Project("{FAE04EC0-301F-11D3-BF4B-00C04F79EFBC}") = "Test.Tests", "Test.Tests\Test.Tests.csproj", "{212D68FF-684A-4635-B8F4-3875DA3E9A70}"
EndProject
Global
	GlobalSection(SolutionConfigurationPlatforms) = preSolution
		Debug|Any CPU = Debug|Any CPU
		Release|Any CPU = Release|Any CPU
	EndGlobalSection
	GlobalSection(ProjectConfigurationPlatforms) = postSolution
		{D535D24D-E184-4D4B-BF1E-3374EC7F1C9C}.Debug|Any CPU.ActiveCfg = Debug|Any CPU
		{D535D24D-E184-4D4B-BF1E-3374EC7F1C9C}.Debug|Any CPU.Build.0 = Debug|Any CPU
		{D535D24D-E184-4D4B-BF1E-3374EC7F1C9C}.Release|Any CPU.ActiveCfg = Release|Any CPU
		{D535D24D-E184-4D4B-BF1E-3374EC7F1C9C}.Release|Any CPU.Build.0 = Release|Any CPU
		{212D68FF-684A-4635-B8F4-3875DA3E9A70}.Debug|Any CPU.ActiveCfg = Debug|Any CPU
		{212D68FF-684A-4635-B8F4-3875DA3E9A70}.Debug|Any CPU.Build.0 = Debug|Any CPU
		{212D68FF-684A-4635-B8F4-3875DA3E9A70}.Release|Any CPU.ActiveCfg = Release|Any CPU
		{212D68FF-684A-4635-B8F4-3875DA3E9A70}.Release|Any CPU.Build.0 = Release|Any CPU
	EndGlobalSection
	GlobalSection(SolutionProperties) = preSolution
		HideSolutionNode = FALSE
	EndGlobalSection
	GlobalSection(ExtensibilityGlobals) = postSolution
		SolutionGuid = {986FBBCB-0BEF-496A-9DA5-A43AF4090114}
	EndGlobalSection
EndGlobal
